{
  "name": "test",
  "version": "1.0.0",
  "lockfileVersion": 3,
  "requires": true,
  "packages": {
    "": {
      "name": "test",
      "version": "1.0.0",
      "license": "ISC",
      "dependencies": {
        "tar": "^6.2.0"
      }
    },
    "node_modules/chownr": {
      "version": "2.0.0",
      "resolved": "https://pkgs.dev.azure.com/IntuitDome/_packaging/nodejs_microservices/npm/registry/chownr/-/chownr-2.0.0.tgz",
      "integrity": "sha1-Fb++U9LqtM9w8YqM1o6+Wzyx3s4=",
      "license": "ISC",
      "engines": {
        "node": ">=10"
      }
    },
    "node_modules/fs-minipass": {
      "version": "2.1.0",
      "resolved": "https://pkgs.dev.azure.com/IntuitDome/_packaging/nodejs_microservices/npm/registry/fs-minipass/-/fs-minipass-2.1.0.tgz",
      "integrity": "sha1-f1A2/b8SxjwWkZDL5BmchSJx+fs=",
      "license": "ISC",
      "dependencies": {
        "minipass": "^3.0.0"
      },
      "engines": {
        "node": ">= 8"
      }
    },
    "node_modules/fs-minipass/node_modules/minipass": {
      "version": "3.3.6",
      "resolved": "https://pkgs.dev.azure.com/IntuitDome/_packaging/nodejs_microservices/npm/registry/minipass/-/minipass-3.3.6.tgz",
      "integrity": "sha1-e7o4TbOhUg0YycDlJRw0ROld2Uo=",
      "license": "ISC",
      "dependencies": {
        "yallist": "^4.0.0"
      },
      "engines": {
        "node": ">=8"
      }
    },
    "node_modules/minipass": {
      "version": "5.0.0",
      "resolved": "https://pkgs.dev.azure.com/IntuitDome/_packaging/nodejs_microservices/npm/registry/minipass/-/minipass-5.0.0.tgz",
      "integrity": "sha1-PpeI/7kLaUpdDslEeaRbXYc4Ez0=",
      "license": "ISC",
      "engines": {
        "node": ">=8"
      }
    },
    "node_modules/minizlib": {
      "version": "2.1.2",
      "resolved": "https://pkgs.dev.azure.com/IntuitDome/_packaging/nodejs_microservices/npm/registry/minizlib/-/minizlib-2.1.2.tgz",
      "integrity": "sha1-6Q00Zrogm5MkUVCKEc49NjIUWTE=",
      "license": "MIT",
      "dependencies": {
        "minipass": "^3.0.0",
        "yallist": "^4.0.0"
      },
      "engines": {
        "node": ">= 8"
      }
    },
    "node_modules/minizlib/node_modules/minipass": {
      "version": "3.3.6",
      "resolved": "https://pkgs.dev.azure.com/IntuitDome/_packaging/nodejs_microservices/npm/registry/minipass/-/minipass-3.3.6.tgz",
      "integrity": "sha1-e7o4TbOhUg0YycDlJRw0ROld2Uo=",
      "license": "ISC",
      "dependencies": {
        "yallist": "^4.0.0"
      },
      "engines": {
        "node": ">=8"
      }
    },
    "node_modules/mkdirp": {
      "version": "1.0.4",
      "resolved": "https://pkgs.dev.azure.com/IntuitDome/_packaging/nodejs_microservices/npm/registry/mkdirp/-/mkdirp-1.0.4.tgz",
      "integrity": "sha1-PrXtYmInVteaXw4qIh3+utdcL34=",
      "license": "MIT",
      "bin": {
        "mkdirp": "bin/cmd.js"
      },
      "engines": {
        "node": ">=10"
      }
    },
    "node_modules/tar": {
      "version": "6.2.0",
      "resolved": "https://pkgs.dev.azure.com/IntuitDome/_packaging/nodejs_microservices/npm/registry/tar/-/tar-6.2.0.tgz",
      "integrity": "sha1-sUzkmnnLHNI7ybAWMC3qVHRJP3M=",
      "license": "ISC",
      "dependencies": {
        "chownr": "^2.0.0",
        "fs-minipass": "^2.0.0",
        "minipass": "^5.0.0",
        "minizlib": "^2.1.1",
        "mkdirp": "^1.0.3",
        "yallist": "^4.0.0"
      },
      "engines": {
        "node": ">=10"
      }
    },
    "node_modules/yallist": {
      "version": "4.0.0",
      "resolved": "https://pkgs.dev.azure.com/IntuitDome/_packaging/nodejs_microservices/npm/registry/yallist/-/yallist-4.0.0.tgz",
      "integrity": "sha1-m7knkNnA7/7GO+c1GeEaNQGaOnI=",
      "license": "ISC"
    }
  }
}
